
Microsoft Visual Studio Solution File, Format Version 12.00
# Visual Studio Version 16
VisualStudioVersion = 16.0.30406.217
MinimumVisualStudioVersion = 10.0.40219.1
Project("{8BC9CEB8-8B4A-11D0-8D11-00A0C91BC942}") = "Project1", "Project1\Project1.vcxproj", "{DB9A53C0-9505-457E-AE9B-B959316DC553}"
EndProject
Global
	GlobalSection(SolutionConfigurationPlatforms) = preSolution
		Debug|x64 = Debug|x64
		Debug|x86 = Debug|x86
		Release|x64 = Release|x64
		Release|x86 = Release|x86
	EndGlobalSection
	GlobalSection(ProjectConfigurationPlatforms) = postSolution
		{DB9A53C0-9505-457E-AE9B-B959316DC553}.Debug|x64.ActiveCfg = Debug|x64
		{DB9A53C0-9505-457E-AE9B-B959316DC553}.Debug|x64.Build.0 = Debug|x64
		{DB9A53C0-9505-457E-AE9B-B959316DC553}.Debug|x86.ActiveCfg = Debug|Win32
		{DB9A53C0-9505-457E-AE9B-B959316DC553}.Debug|x86.Build.0 = Debug|Win32
		{DB9A53C0-9505-457E-AE9B-B959316DC553}.Release|x64.ActiveCfg = Release|x64
		{DB9A53C0-9505-457E-AE9B-B959316DC553}.Release|x64.Build.0 = Release|x64
		{DB9A53C0-9505-457E-AE9B-B959316DC553}.Release|x86.ActiveCfg = Release|Win32
		{DB9A53C0-9505-457E-AE9B-B959316DC553}.Release|x86.Build.0 = Release|Win32
	EndGlobalSection
	GlobalSection(SolutionProperties) = preSolution
		HideSolutionNode = FALSE
	EndGlobalSection
	GlobalSection(ExtensibilityGlobals) = postSolution
		SolutionGuid = {726D7A6E-D2A6-43C6-A62C-43CC2DEA7EC4}
	EndGlobalSection
EndGlobal
